
Microsoft Visual Studio Solution File, Format Version 12.00
# Visual Studio Version 17
VisualStudioVersion = 17.9.34511.98
MinimumVisualStudioVersion = 10.0.40219.1
Project("{FAE04EC0-301F-11D3-BF4B-00C04F79EFBC}") = "Trucks", "Trucks.csproj", "{8D51242C-455A-4958-8405-4968F0E6E1F9}"
EndProject
Project("{FAE04EC0-301F-11D3-BF4B-00C04F79EFBC}") = "Trucks.Tests", "..\Trucks.Tests\Trucks.Tests.csproj", "{710EFB5A-0ECA-4CE9-ADEB-752AFF1A64A2}"
EndProject
Global
	GlobalSection(SolutionConfigurationPlatforms) = preSolution
		Debug|Any CPU = Debug|Any CPU
		Release|Any CPU = Release|Any CPU
	EndGlobalSection
	GlobalSection(ProjectConfigurationPlatforms) = postSolution
		{8D51242C-455A-4958-8405-4968F0E6E1F9}.Debug|Any CPU.ActiveCfg = Debug|Any CPU
		{8D51242C-455A-4958-8405-4968F0E6E1F9}.Debug|Any CPU.Build.0 = Debug|Any CPU
		{8D51242C-455A-4958-8405-4968F0E6E1F9}.Release|Any CPU.ActiveCfg = Release|Any CPU
		{8D51242C-455A-4958-8405-4968F0E6E1F9}.Release|Any CPU.Build.0 = Release|Any CPU
		{710EFB5A-0ECA-4CE9-ADEB-752AFF1A64A2}.Debug|Any CPU.ActiveCfg = Debug|Any CPU
		{710EFB5A-0ECA-4CE9-ADEB-752AFF1A64A2}.Debug|Any CPU.Build.0 = Debug|Any CPU
		{710EFB5A-0ECA-4CE9-ADEB-752AFF1A64A2}.Release|Any CPU.ActiveCfg = Release|Any CPU
		{710EFB5A-0ECA-4CE9-ADEB-752AFF1A64A2}.Release|Any CPU.Build.0 = Release|Any CPU
	EndGlobalSection
	GlobalSection(SolutionProperties) = preSolution
		HideSolutionNode = FALSE
	EndGlobalSection
	GlobalSection(ExtensibilityGlobals) = postSolution
		SolutionGuid = {CBB9C338-019E-42CD-B9BA-6DADE311D554}
	EndGlobalSection
EndGlobal
